
Microsoft Visual Studio Solution File, Format Version 12.00
# Visual Studio Version 16
VisualStudioVersion = 16.0.31605.320
MinimumVisualStudioVersion = 10.0.40219.1
Project("{FAE04EC0-301F-11D3-BF4B-00C04F79EFBC}") = "LigaPro22", "LigaPro22\LigaPro22.csproj", "{7DA52EBA-B1E2-41D2-8DEE-918B0A9EFA1F}"
EndProject
Global
	GlobalSection(SolutionConfigurationPlatforms) = preSolution
		Debug|Any CPU = Debug|Any CPU
		Release|Any CPU = Release|Any CPU
	EndGlobalSection
	GlobalSection(ProjectConfigurationPlatforms) = postSolution
		{7DA52EBA-B1E2-41D2-8DEE-918B0A9EFA1F}.Debug|Any CPU.ActiveCfg = Debug|Any CPU
		{7DA52EBA-B1E2-41D2-8DEE-918B0A9EFA1F}.Debug|Any CPU.Build.0 = Debug|Any CPU
		{7DA52EBA-B1E2-41D2-8DEE-918B0A9EFA1F}.Release|Any CPU.ActiveCfg = Release|Any CPU
		{7DA52EBA-B1E2-41D2-8DEE-918B0A9EFA1F}.Release|Any CPU.Build.0 = Release|Any CPU
	EndGlobalSection
	GlobalSection(SolutionProperties) = preSolution
		HideSolutionNode = FALSE
	EndGlobalSection
	GlobalSection(ExtensibilityGlobals) = postSolution
		SolutionGuid = {B4381D80-AFB3-4AF4-AB1A-F8F2B23360C3}
	EndGlobalSection
EndGlobal
